// !$*UTF8*$!
{
	archiveVersion = 1;
	classes = {
	};
	objectVersion = 56;
	objects = {

/* Begin PBXBuildFile section */
		220BEE1A2A0056F300FEEF5F /* AddReviewViewController.swift in Sources */ = {isa = PBXBuildFile; fileRef = 220BEE192A0056F300FEEF5F /* AddReviewViewController.swift */; };
		2210AC582A018A570098FA42 /* AnnotationViewController.swift in Sources */ = {isa = PBXBuildFile; fileRef = 2210AC572A018A570098FA42 /* AnnotationViewController.swift */; };
		2210AC5A2A0194220098FA42 /* ReviewAnnotation.swift in Sources */ = {isa = PBXBuildFile; fileRef = 2210AC592A0194220098FA42 /* ReviewAnnotation.swift */; };
		229F6A4E29FBB157008CA428 /* ProfileViewController.swift in Sources */ = {isa = PBXBuildFile; fileRef = 229F6A4D29FBB157008CA428 /* ProfileViewController.swift */; };
		22CC623429FE195800566E26 /* GoogleSignInSwift in Frameworks */ = {isa = PBXBuildFile; productRef = 22CC623329FE195800566E26 /* GoogleSignInSwift */; };
		22CC623629FE1A3200566E26 /* GoogleService-Info.plist in Resources */ = {isa = PBXBuildFile; fileRef = 22CC623529FE1A3200566E26 /* GoogleService-Info.plist */; };
		22CC623829FF313B00566E26 /* RestaurantViewController.swift in Sources */ = {isa = PBXBuildFile; fileRef = 22CC623729FF313B00566E26 /* RestaurantViewController.swift */; };
		22CC623A29FF7AC300566E26 /* Restaurant.swift in Sources */ = {isa = PBXBuildFile; fileRef = 22CC623929FF7AC300566E26 /* Restaurant.swift */; };
		22CC62412A00426500566E26 /* Kingfisher in Frameworks */ = {isa = PBXBuildFile; productRef = 22CC62402A00426500566E26 /* Kingfisher */; };
		22D457A42A007B6000F8B6A7 /* Review.swift in Sources */ = {isa = PBXBuildFile; fileRef = 22D457A32A007B6000F8B6A7 /* Review.swift */; };
		22E3962A29F9D8B7004EE06F /* AppDelegate.swift in Sources */ = {isa = PBXBuildFile; fileRef = 22E3962929F9D8B7004EE06F /* AppDelegate.swift */; };
		22E3962C29F9D8B7004EE06F /* SceneDelegate.swift in Sources */ = {isa = PBXBuildFile; fileRef = 22E3962B29F9D8B7004EE06F /* SceneDelegate.swift */; };
		22E3962E29F9D8B7004EE06F /* SignUpViewController.swift in Sources */ = {isa = PBXBuildFile; fileRef = 22E3962D29F9D8B7004EE06F /* SignUpViewController.swift */; };
		22E3963129F9D8B7004EE06F /* Main.storyboard in Resources */ = {isa = PBXBuildFile; fileRef = 22E3962F29F9D8B7004EE06F /* Main.storyboard */; };
		22E3963329F9D8B8004EE06F /* Assets.xcassets in Resources */ = {isa = PBXBuildFile; fileRef = 22E3963229F9D8B8004EE06F /* Assets.xcassets */; };
		22E3963629F9D8B8004EE06F /* LaunchScreen.storyboard in Resources */ = {isa = PBXBuildFile; fileRef = 22E3963429F9D8B8004EE06F /* LaunchScreen.storyboard */; };
		22E3964129F9DCD2004EE06F /* FirebaseAuth in Frameworks */ = {isa = PBXBuildFile; productRef = 22E3964029F9DCD2004EE06F /* FirebaseAuth */; };
		22E3964329F9DCD2004EE06F /* FirebaseFirestoreSwift in Frameworks */ = {isa = PBXBuildFile; productRef = 22E3964229F9DCD2004EE06F /* FirebaseFirestoreSwift */; };
		22E3964529F9DCD2004EE06F /* FirebaseStorage in Frameworks */ = {isa = PBXBuildFile; productRef = 22E3964429F9DCD2004EE06F /* FirebaseStorage */; };
		22E3964729FA1935004EE06F /* MapViewController.swift in Sources */ = {isa = PBXBuildFile; fileRef = 22E3964629FA1935004EE06F /* MapViewController.swift */; };
		22E3964929FAE149004EE06F /* LoginViewController.swift in Sources */ = {isa = PBXBuildFile; fileRef = 22E3964829FAE149004EE06F /* LoginViewController.swift */; };
/* End PBXBuildFile section */

/* Begin PBXFileReference section */
		220BEE192A0056F300FEEF5F /* AddReviewViewController.swift */ = {isa = PBXFileReference; lastKnownFileType = sourcecode.swift; path = AddReviewViewController.swift; sourceTree = "<group>"; };
		2210AC572A018A570098FA42 /* AnnotationViewController.swift */ = {isa = PBXFileReference; lastKnownFileType = sourcecode.swift; path = AnnotationViewController.swift; sourceTree = "<group>"; };
		2210AC592A0194220098FA42 /* ReviewAnnotation.swift */ = {isa = PBXFileReference; lastKnownFileType = sourcecode.swift; path = ReviewAnnotation.swift; sourceTree = "<group>"; };
		229F6A4D29FBB157008CA428 /* ProfileViewController.swift */ = {isa = PBXFileReference; lastKnownFileType = sourcecode.swift; path = ProfileViewController.swift; sourceTree = "<group>"; };
		22CC623529FE1A3200566E26 /* GoogleService-Info.plist */ = {isa = PBXFileReference; fileEncoding = 4; lastKnownFileType = text.plist.xml; name = "GoogleService-Info.plist"; path = "../../../../../../../Downloads/GoogleService-Info.plist"; sourceTree = "<group>"; };
		22CC623729FF313B00566E26 /* RestaurantViewController.swift */ = {isa = PBXFileReference; lastKnownFileType = sourcecode.swift; path = RestaurantViewController.swift; sourceTree = "<group>"; };
		22CC623929FF7AC300566E26 /* Restaurant.swift */ = {isa = PBXFileReference; lastKnownFileType = sourcecode.swift; path = Restaurant.swift; sourceTree = "<group>"; };
		22D457A32A007B6000F8B6A7 /* Review.swift */ = {isa = PBXFileReference; lastKnownFileType = sourcecode.swift; path = Review.swift; sourceTree = "<group>"; };
		22E3962629F9D8B7004EE06F /* MapMyMeals.app */ = {isa = PBXFileReference; explicitFileType = wrapper.application; includeInIndex = 0; path = MapMyMeals.app; sourceTree = BUILT_PRODUCTS_DIR; };
		22E3962929F9D8B7004EE06F /* AppDelegate.swift */ = {isa = PBXFileReference; lastKnownFileType = sourcecode.swift; path = AppDelegate.swift; sourceTree = "<group>"; };
		22E3962B29F9D8B7004EE06F /* SceneDelegate.swift */ = {isa = PBXFileReference; lastKnownFileType = sourcecode.swift; path = SceneDelegate.swift; sourceTree = "<group>"; };
		22E3962D29F9D8B7004EE06F /* SignUpViewController.swift */ = {isa = PBXFileReference; lastKnownFileType = sourcecode.swift; path = SignUpViewController.swift; sourceTree = "<group>"; };
		22E3963029F9D8B7004EE06F /* Base */ = {isa = PBXFileReference; lastKnownFileType = file.storyboard; name = Base; path = Base.lproj/Main.storyboard; sourceTree = "<group>"; };
		22E3963229F9D8B8004EE06F /* Assets.xcassets */ = {isa = PBXFileReference; lastKnownFileType = folder.assetcatalog; path = Assets.xcassets; sourceTree = "<group>"; };
		22E3963529F9D8B8004EE06F /* Base */ = {isa = PBXFileReference; lastKnownFileType = file.storyboard; name = Base; path = Base.lproj/LaunchScreen.storyboard; sourceTree = "<group>"; };
		22E3963729F9D8B8004EE06F /* Info.plist */ = {isa = PBXFileReference; lastKnownFileType = text.plist.xml; path = Info.plist; sourceTree = "<group>"; };
		22E3964629FA1935004EE06F /* MapViewController.swift */ = {isa = PBXFileReference; lastKnownFileType = sourcecode.swift; path = MapViewController.swift; sourceTree = "<group>"; };
		22E3964829FAE149004EE06F /* LoginViewController.swift */ = {isa = PBXFileReference; lastKnownFileType = sourcecode.swift; path = LoginViewController.swift; sourceTree = "<group>"; };
/* End PBXFileReference section */

/* Begin PBXFrameworksBuildPhase section */
		22E3962329F9D8B7004EE06F /* Frameworks */ = {
			isa = PBXFrameworksBuildPhase;
			buildActionMask = 2147483647;
			files = (
				22E3964129F9DCD2004EE06F /* FirebaseAuth in Frameworks */,
				22E3964329F9DCD2004EE06F /* FirebaseFirestoreSwift in Frameworks */,
				22E3964529F9DCD2004EE06F /* FirebaseStorage in Frameworks */,
				22CC623429FE195800566E26 /* GoogleSignInSwift in Frameworks */,
				22CC62412A00426500566E26 /* Kingfisher in Frameworks */,
			);
			runOnlyForDeploymentPostprocessing = 0;
		};
/* End PBXFrameworksBuildPhase section */

/* Begin PBXGroup section */
		22D457A52A00CF1400F8B6A7 /* Model */ = {
			isa = PBXGroup;
			children = (
				22CC623929FF7AC300566E26 /* Restaurant.swift */,
				22D457A32A007B6000F8B6A7 /* Review.swift */,
				2210AC592A0194220098FA42 /* ReviewAnnotation.swift */,
			);
			path = Model;
			sourceTree = "<group>";
		};
		22D457A62A00CF1D00F8B6A7 /* View */ = {
			isa = PBXGroup;
			children = (
				22E3962F29F9D8B7004EE06F /* Main.storyboard */,
			);
			path = View;
			sourceTree = "<group>";
		};
		22D457A72A00CF2100F8B6A7 /* Controller */ = {
			isa = PBXGroup;
			children = (
				22E3962D29F9D8B7004EE06F /* SignUpViewController.swift */,
				22E3964829FAE149004EE06F /* LoginViewController.swift */,
				22E3964629FA1935004EE06F /* MapViewController.swift */,
				229F6A4D29FBB157008CA428 /* ProfileViewController.swift */,
				22CC623729FF313B00566E26 /* RestaurantViewController.swift */,
				220BEE192A0056F300FEEF5F /* AddReviewViewController.swift */,
				2210AC572A018A570098FA42 /* AnnotationViewController.swift */,
			);
			path = Controller;
			sourceTree = "<group>";
		};
		22D457A82A00CF6300F8B6A7 /* Supporting Files */ = {
			isa = PBXGroup;
			children = (
				22E3962929F9D8B7004EE06F /* AppDelegate.swift */,
				22E3962B29F9D8B7004EE06F /* SceneDelegate.swift */,
			);
			path = "Supporting Files";
			sourceTree = "<group>";
		};
		22E3961D29F9D8B7004EE06F = {
			isa = PBXGroup;
			children = (
				22E3962829F9D8B7004EE06F /* MapMyMeals */,
				22E3962729F9D8B7004EE06F /* Products */,
			);
			sourceTree = "<group>";
		};
		22E3962729F9D8B7004EE06F /* Products */ = {
			isa = PBXGroup;
			children = (
				22E3962629F9D8B7004EE06F /* MapMyMeals.app */,
			);
			name = Products;
			sourceTree = "<group>";
		};
		22E3962829F9D8B7004EE06F /* MapMyMeals */ = {
			isa = PBXGroup;
			children = (
				22D457A82A00CF6300F8B6A7 /* Supporting Files */,
				22D457A52A00CF1400F8B6A7 /* Model */,
				22D457A72A00CF2100F8B6A7 /* Controller */,
				22D457A62A00CF1D00F8B6A7 /* View */,
				22E3963229F9D8B8004EE06F /* Assets.xcassets */,
				22E3963429F9D8B8004EE06F /* LaunchScreen.storyboard */,
				22E3963729F9D8B8004EE06F /* Info.plist */,
				22CC623529FE1A3200566E26 /* GoogleService-Info.plist */,
			);
			path = MapMyMeals;
			sourceTree = "<group>";
		};
/* End PBXGroup section */

/* Begin PBXNativeTarget section */
		22E3962529F9D8B7004EE06F /* MapMyMeals */ = {
			isa = PBXNativeTarget;
			buildConfigurationList = 22E3963A29F9D8B8004EE06F /* Build configuration list for PBXNativeTarget "MapMyMeals" */;
			buildPhases = (
				22E3962229F9D8B7004EE06F /* Sources */,
				22E3962329F9D8B7004EE06F /* Frameworks */,
				22E3962429F9D8B7004EE06F /* Resources */,
			);
			buildRules = (
			);
			dependencies = (
			);
			name = MapMyMeals;
			packageProductDependencies = (
				22E3964029F9DCD2004EE06F /* FirebaseAuth */,
				22E3964229F9DCD2004EE06F /* FirebaseFirestoreSwift */,
				22E3964429F9DCD2004EE06F /* FirebaseStorage */,
				22CC623329FE195800566E26 /* GoogleSignInSwift */,
				22CC62402A00426500566E26 /* Kingfisher */,
			);
			productName = MapMyMeals;
			productReference = 22E3962629F9D8B7004EE06F /* MapMyMeals.app */;
			productType = "com.apple.product-type.application";
		};
/* End PBXNativeTarget section */

/* Begin PBXProject section */
		22E3961E29F9D8B7004EE06F /* Project object */ = {
			isa = PBXProject;
			attributes = {
				BuildIndependentTargetsInParallel = 1;
				LastSwiftUpdateCheck = 1420;
				LastUpgradeCheck = 1420;
				TargetAttributes = {
					22E3962529F9D8B7004EE06F = {
						CreatedOnToolsVersion = 14.2;
					};
				};
			};
			buildConfigurationList = 22E3962129F9D8B7004EE06F /* Build configuration list for PBXProject "MapMyMeals" */;
			compatibilityVersion = "Xcode 14.0";
			developmentRegion = en;
			hasScannedForEncodings = 0;
			knownRegions = (
				en,
				Base,
			);
			mainGroup = 22E3961D29F9D8B7004EE06F;
			packageReferences = (
				22E3963F29F9DCD2004EE06F /* XCRemoteSwiftPackageReference "firebase-ios-sdk" */,
				22CC623229FE195800566E26 /* XCRemoteSwiftPackageReference "GoogleSignIn-iOS" */,
				22CC623F2A00426500566E26 /* XCRemoteSwiftPackageReference "Kingfisher" */,
			);
			productRefGroup = 22E3962729F9D8B7004EE06F /* Products */;
			projectDirPath = "";
			projectRoot = "";
			targets = (
				22E3962529F9D8B7004EE06F /* MapMyMeals */,
			);
		};
/* End PBXProject section */

/* Begin PBXResourcesBuildPhase section */
		22E3962429F9D8B7004EE06F /* Resources */ = {
			isa = PBXResourcesBuildPhase;
			buildActionMask = 2147483647;
			files = (
				22E3963629F9D8B8004EE06F /* LaunchScreen.storyboard in Resources */,
				22CC623629FE1A3200566E26 /* GoogleService-Info.plist in Resources */,
				22E3963329F9D8B8004EE06F /* Assets.xcassets in Resources */,
				22E3963129F9D8B7004EE06F /* Main.storyboard in Resources */,
			);
			runOnlyForDeploymentPostprocessing = 0;
		};
/* End PBXResourcesBuildPhase section */

/* Begin PBXSourcesBuildPhase section */
		22E3962229F9D8B7004EE06F /* Sources */ = {
			isa = PBXSourcesBuildPhase;
			buildActionMask = 2147483647;
			files = (
				229F6A4E29FBB157008CA428 /* ProfileViewController.swift in Sources */,
				22E3962E29F9D8B7004EE06F /* SignUpViewController.swift in Sources */,
				2210AC582A018A570098FA42 /* AnnotationViewController.swift in Sources */,
				22CC623829FF313B00566E26 /* RestaurantViewController.swift in Sources */,
				2210AC5A2A0194220098FA42 /* ReviewAnnotation.swift in Sources */,
				220BEE1A2A0056F300FEEF5F /* AddReviewViewController.swift in Sources */,
				22E3962A29F9D8B7004EE06F /* AppDelegate.swift in Sources */,
				22D457A42A007B6000F8B6A7 /* Review.swift in Sources */,
				22CC623A29FF7AC300566E26 /* Restaurant.swift in Sources */,
				22E3962C29F9D8B7004EE06F /* SceneDelegate.swift in Sources */,
				22E3964929FAE149004EE06F /* LoginViewController.swift in Sources */,
				22E3964729FA1935004EE06F /* MapViewController.swift in Sources */,
			);
			runOnlyForDeploymentPostprocessing = 0;
		};
/* End PBXSourcesBuildPhase section */

/* Begin PBXVariantGroup section */
		22E3962F29F9D8B7004EE06F /* Main.storyboard */ = {
			isa = PBXVariantGroup;
			children = (
				22E3963029F9D8B7004EE06F /* Base */,
			);
			name = Main.storyboard;
			sourceTree = "<group>";
		};
		22E3963429F9D8B8004EE06F /* LaunchScreen.storyboard */ = {
			isa = PBXVariantGroup;
			children = (
				22E3963529F9D8B8004EE06F /* Base */,
			);
			name = LaunchScreen.storyboard;
			sourceTree = "<group>";
		};
/* End PBXVariantGroup section */

/* Begin XCBuildConfiguration section */
		22E3963829F9D8B8004EE06F /* Debug */ = {
			isa = XCBuildConfiguration;
			buildSettings = {
				ALWAYS_SEARCH_USER_PATHS = NO;
				CLANG_ANALYZER_NONNULL = YES;
				CLANG_ANALYZER_NUMBER_OBJECT_CONVERSION = YES_AGGRESSIVE;
				CLANG_CXX_LANGUAGE_STANDARD = "gnu++20";
				CLANG_ENABLE_MODULES = YES;
				CLANG_ENABLE_OBJC_ARC = YES;
				CLANG_ENABLE_OBJC_WEAK = YES;
				CLANG_WARN_BLOCK_CAPTURE_AUTORELEASING = YES;
				CLANG_WARN_BOOL_CONVERSION = YES;
				CLANG_WARN_COMMA = YES;
				CLANG_WARN_CONSTANT_CONVERSION = YES;
				CLANG_WARN_DEPRECATED_OBJC_IMPLEMENTATIONS = YES;
				CLANG_WARN_DIRECT_OBJC_ISA_USAGE = YES_ERROR;
				CLANG_WARN_DOCUMENTATION_COMMENTS = YES;
				CLANG_WARN_EMPTY_BODY = YES;
				CLANG_WARN_ENUM_CONVERSION = YES;
				CLANG_WARN_INFINITE_RECURSION = YES;
				CLANG_WARN_INT_CONVERSION = YES;
				CLANG_WARN_NON_LITERAL_NULL_CONVERSION = YES;
				CLANG_WARN_OBJC_IMPLICIT_RETAIN_SELF = YES;
				CLANG_WARN_OBJC_LITERAL_CONVERSION = YES;
				CLANG_WARN_OBJC_ROOT_CLASS = YES_ERROR;
				CLANG_WARN_QUOTED_INCLUDE_IN_FRAMEWORK_HEADER = YES;
				CLANG_WARN_RANGE_LOOP_ANALYSIS = YES;
				CLANG_WARN_STRICT_PROTOTYPES = YES;
				CLANG_WARN_SUSPICIOUS_MOVE = YES;
				CLANG_WARN_UNGUARDED_AVAILABILITY = YES_AGGRESSIVE;
				CLANG_WARN_UNREACHABLE_CODE = YES;
				CLANG_WARN__DUPLICATE_METHOD_MATCH = YES;
				COPY_PHASE_STRIP = NO;
				DEBUG_INFORMATION_FORMAT = dwarf;
				ENABLE_STRICT_OBJC_MSGSEND = YES;
				ENABLE_TESTABILITY = YES;
				GCC_C_LANGUAGE_STANDARD = gnu11;
				GCC_DYNAMIC_NO_PIC = NO;
				GCC_NO_COMMON_BLOCKS = YES;
				GCC_OPTIMIZATION_LEVEL = 0;
				GCC_PREPROCESSOR_DEFINITIONS = (
					"DEBUG=1",
					"$(inherited)",
				);
				GCC_WARN_64_TO_32_BIT_CONVERSION = YES;
				GCC_WARN_ABOUT_RETURN_TYPE = YES_ERROR;
				GCC_WARN_UNDECLARED_SELECTOR = YES;
				GCC_WARN_UNINITIALIZED_AUTOS = YES_AGGRESSIVE;
				GCC_WARN_UNUSED_FUNCTION = YES;
				GCC_WARN_UNUSED_VARIABLE = YES;
				IPHONEOS_DEPLOYMENT_TARGET = 16.2;
				MTL_ENABLE_DEBUG_INFO = INCLUDE_SOURCE;
				MTL_FAST_MATH = YES;
				ONLY_ACTIVE_ARCH = YES;
				SDKROOT = iphoneos;
				SWIFT_ACTIVE_COMPILATION_CONDITIONS = DEBUG;
				SWIFT_OPTIMIZATION_LEVEL = "-Onone";
			};
			name = Debug;
		};
		22E3963929F9D8B8004EE06F /* Release */ = {
			isa = XCBuildConfiguration;
			buildSettings = {
				ALWAYS_SEARCH_USER_PATHS = NO;
				CLANG_ANALYZER_NONNULL = YES;
				CLANG_ANALYZER_NUMBER_OBJECT_CONVERSION = YES_AGGRESSIVE;
				CLANG_CXX_LANGUAGE_STANDARD = "gnu++20";
				CLANG_ENABLE_MODULES = YES;
				CLANG_ENABLE_OBJC_ARC = YES;
				CLANG_ENABLE_OBJC_WEAK = YES;
				CLANG_WARN_BLOCK_CAPTURE_AUTORELEASING = YES;
				CLANG_WARN_BOOL_CONVERSION = YES;
				CLANG_WARN_COMMA = YES;
				CLANG_WARN_CONSTANT_CONVERSION = YES;
				CLANG_WARN_DEPRECATED_OBJC_IMPLEMENTATIONS = YES;
				CLANG_WARN_DIRECT_OBJC_ISA_USAGE = YES_ERROR;
				CLANG_WARN_DOCUMENTATION_COMMENTS = YES;
				CLANG_WARN_EMPTY_BODY = YES;
				CLANG_WARN_ENUM_CONVERSION = YES;
				CLANG_WARN_INFINITE_RECURSION = YES;
				CLANG_WARN_INT_CONVERSION = YES;
				CLANG_WARN_NON_LITERAL_NULL_CONVERSION = YES;
				CLANG_WARN_OBJC_IMPLICIT_RETAIN_SELF = YES;
				CLANG_WARN_OBJC_LITERAL_CONVERSION = YES;
				CLANG_WARN_OBJC_ROOT_CLASS = YES_ERROR;
				CLANG_WARN_QUOTED_INCLUDE_IN_FRAMEWORK_HEADER = YES;
				CLANG_WARN_RANGE_LOOP_ANALYSIS = YES;
				CLANG_WARN_STRICT_PROTOTYPES = YES;
				CLANG_WARN_SUSPICIOUS_MOVE = YES;
				CLANG_WARN_UNGUARDED_AVAILABILITY = YES_AGGRESSIVE;
				CLANG_WARN_UNREACHABLE_CODE = YES;
				CLANG_WARN__DUPLICATE_METHOD_MATCH = YES;
				COPY_PHASE_STRIP = NO;
				DEBUG_INFORMATION_FORMAT = "dwarf-with-dsym";
				ENABLE_NS_ASSERTIONS = NO;
				ENABLE_STRICT_OBJC_MSGSEND = YES;
				GCC_C_LANGUAGE_STANDARD = gnu11;
				GCC_NO_COMMON_BLOCKS = YES;
				GCC_WARN_64_TO_32_BIT_CONVERSION = YES;
				GCC_WARN_ABOUT_RETURN_TYPE = YES_ERROR;
				GCC_WARN_UNDECLARED_SELECTOR = YES;
				GCC_WARN_UNINITIALIZED_AUTOS = YES_AGGRESSIVE;
				GCC_WARN_UNUSED_FUNCTION = YES;
				GCC_WARN_UNUSED_VARIABLE = YES;
				IPHONEOS_DEPLOYMENT_TARGET = 16.2;
				MTL_ENABLE_DEBUG_INFO = NO;
				MTL_FAST_MATH = YES;
				SDKROOT = iphoneos;
				SWIFT_COMPILATION_MODE = wholemodule;
				SWIFT_OPTIMIZATION_LEVEL = "-O";
				VALIDATE_PRODUCT = YES;
			};
			name = Release;
		};
		22E3963B29F9D8B8004EE06F /* Debug */ = {
			isa = XCBuildConfiguration;
			buildSettings = {
				ASSETCATALOG_COMPILER_APPICON_NAME = AppIcon;
				ASSETCATALOG_COMPILER_GLOBAL_ACCENT_COLOR_NAME = AccentColor;
				CODE_SIGN_STYLE = Automatic;
				CURRENT_PROJECT_VERSION = 1;
				GENERATE_INFOPLIST_FILE = YES;
				INFOPLIST_FILE = MapMyMeals/Info.plist;
				INFOPLIST_KEY_CFBundleDisplayName = "Map My Meals";
				INFOPLIST_KEY_NSLocationWhenInUseUsageDescription = "We'll use your location to search for nearby restaurants ";
				INFOPLIST_KEY_UIApplicationSupportsIndirectInputEvents = YES;
				INFOPLIST_KEY_UILaunchStoryboardName = LaunchScreen;
				INFOPLIST_KEY_UIMainStoryboardFile = Main;
				INFOPLIST_KEY_UISupportedInterfaceOrientations = UIInterfaceOrientationPortrait;
				LD_RUNPATH_SEARCH_PATHS = (
					"$(inherited)",
					"@executable_path/Frameworks",
				);
				MARKETING_VERSION = 1.0;
				PRODUCT_BUNDLE_IDENTIFIER = com.amsun.MapMyMeals;
				PRODUCT_NAME = "$(TARGET_NAME)";
				SWIFT_EMIT_LOC_STRINGS = YES;
				SWIFT_VERSION = 5.0;
				TARGETED_DEVICE_FAMILY = "1,2";
			};
			name = Debug;
		};
		22E3963C29F9D8B8004EE06F /* Release */ = {
			isa = XCBuildConfiguration;
			buildSettings = {
				ASSETCATALOG_COMPILER_APPICON_NAME = AppIcon;
				ASSETCATALOG_COMPILER_GLOBAL_ACCENT_COLOR_NAME = AccentColor;
				CODE_SIGN_STYLE = Automatic;
				CURRENT_PROJECT_VERSION = 1;
				GENERATE_INFOPLIST_FILE = YES;
				INFOPLIST_FILE = MapMyMeals/Info.plist;
				INFOPLIST_KEY_CFBundleDisplayName = "Map My Meals";
				INFOPLIST_KEY_NSLocationWhenInUseUsageDescription = "We'll use your location to search for nearby restaurants ";
				INFOPLIST_KEY_UIApplicationSupportsIndirectInputEvents = YES;
				INFOPLIST_KEY_UILaunchStoryboardName = LaunchScreen;
				INFOPLIST_KEY_UIMainStoryboardFile = Main;
				INFOPLIST_KEY_UISupportedInterfaceOrientations = UIInterfaceOrientationPortrait;
				LD_RUNPATH_SEARCH_PATHS = (
					"$(inherited)",
					"@executable_path/Frameworks",
				);
				MARKETING_VERSION = 1.0;
				PRODUCT_BUNDLE_IDENTIFIER = com.amsun.MapMyMeals;
				PRODUCT_NAME = "$(TARGET_NAME)";
				SWIFT_EMIT_LOC_STRINGS = YES;
				SWIFT_VERSION = 5.0;
				TARGETED_DEVICE_FAMILY = "1,2";
			};
			name = Release;
		};
/* End XCBuildConfiguration section */

/* Begin XCConfigurationList section */
		22E3962129F9D8B7004EE06F /* Build configuration list for PBXProject "MapMyMeals" */ = {
			isa = XCConfigurationList;
			buildConfigurations = (
				22E3963829F9D8B8004EE06F /* Debug */,
				22E3963929F9D8B8004EE06F /* Release */,
			);
			defaultConfigurationIsVisible = 0;
			defaultConfigurationName = Release;
		};
		22E3963A29F9D8B8004EE06F /* Build configuration list for PBXNativeTarget "MapMyMeals" */ = {
			isa = XCConfigurationList;
			buildConfigurations = (
				22E3963B29F9D8B8004EE06F /* Debug */,
				22E3963C29F9D8B8004EE06F /* Release */,
			);
			defaultConfigurationIsVisible = 0;
			defaultConfigurationName = Release;
		};
/* End XCConfigurationList section */

/* Begin XCRemoteSwiftPackageReference section */
		22CC623229FE195800566E26 /* XCRemoteSwiftPackageReference "GoogleSignIn-iOS" */ = {
			isa = XCRemoteSwiftPackageReference;
			repositoryURL = "https://github.com/google/GoogleSignIn-iOS";
			requirement = {
				kind = upToNextMajorVersion;
				minimumVersion = 7.0.0;
			};
		};
		22CC623F2A00426500566E26 /* XCRemoteSwiftPackageReference "Kingfisher" */ = {
			isa = XCRemoteSwiftPackageReference;
			repositoryURL = "https://github.com/onevcat/Kingfisher.git";
			requirement = {
				branch = master;
				kind = branch;
			};
		};
		22E3963F29F9DCD2004EE06F /* XCRemoteSwiftPackageReference "firebase-ios-sdk" */ = {
			isa = XCRemoteSwiftPackageReference;
			repositoryURL = "https://github.com/firebase/firebase-ios-sdk";
			requirement = {
				kind = upToNextMajorVersion;
				minimumVersion = 9.0.0;
			};
		};
/* End XCRemoteSwiftPackageReference section */

/* Begin XCSwiftPackageProductDependency section */
		22CC623329FE195800566E26 /* GoogleSignInSwift */ = {
			isa = XCSwiftPackageProductDependency;
			package = 22CC623229FE195800566E26 /* XCRemoteSwiftPackageReference "GoogleSignIn-iOS" */;
			productName = GoogleSignInSwift;
		};
		22CC62402A00426500566E26 /* Kingfisher */ = {
			isa = XCSwiftPackageProductDependency;
			package = 22CC623F2A00426500566E26 /* XCRemoteSwiftPackageReference "Kingfisher" */;
			productName = Kingfisher;
		};
		22E3964029F9DCD2004EE06F /* FirebaseAuth */ = {
			isa = XCSwiftPackageProductDependency;
			package = 22E3963F29F9DCD2004EE06F /* XCRemoteSwiftPackageReference "firebase-ios-sdk" */;
			productName = FirebaseAuth;
		};
		22E3964229F9DCD2004EE06F /* FirebaseFirestoreSwift */ = {
			isa = XCSwiftPackageProductDependency;
			package = 22E3963F29F9DCD2004EE06F /* XCRemoteSwiftPackageReference "firebase-ios-sdk" */;
			productName = FirebaseFirestoreSwift;
		};
		22E3964429F9DCD2004EE06F /* FirebaseStorage */ = {
			isa = XCSwiftPackageProductDependency;
			package = 22E3963F29F9DCD2004EE06F /* XCRemoteSwiftPackageReference "firebase-ios-sdk" */;
			productName = FirebaseStorage;
		};
/* End XCSwiftPackageProductDependency section */
	};
	rootObject = 22E3961E29F9D8B7004EE06F /* Project object */;
}
